
Microsoft Visual Studio Solution File, Format Version 12.00
# Visual Studio Version 16
VisualStudioVersion = 16.0.30907.101
MinimumVisualStudioVersion = 10.0.40219.1
Project("{FAE04EC0-301F-11D3-BF4B-00C04F79EFBC}") = "Search_Array", "Search_Array\Search_Array.csproj", "{BE7A904F-3BA5-4B30-B860-2C56F2CCAC5B}"
EndProject
Global
	GlobalSection(SolutionConfigurationPlatforms) = preSolution
		Debug|Any CPU = Debug|Any CPU
		Release|Any CPU = Release|Any CPU
	EndGlobalSection
	GlobalSection(ProjectConfigurationPlatforms) = postSolution
		{BE7A904F-3BA5-4B30-B860-2C56F2CCAC5B}.Debug|Any CPU.ActiveCfg = Debug|Any CPU
		{BE7A904F-3BA5-4B30-B860-2C56F2CCAC5B}.Debug|Any CPU.Build.0 = Debug|Any CPU
		{BE7A904F-3BA5-4B30-B860-2C56F2CCAC5B}.Release|Any CPU.ActiveCfg = Release|Any CPU
		{BE7A904F-3BA5-4B30-B860-2C56F2CCAC5B}.Release|Any CPU.Build.0 = Release|Any CPU
	EndGlobalSection
	GlobalSection(SolutionProperties) = preSolution
		HideSolutionNode = FALSE
	EndGlobalSection
	GlobalSection(ExtensibilityGlobals) = postSolution
		SolutionGuid = {BF0ACFFA-AB6D-4741-B680-1593B0DD57B4}
	EndGlobalSection
EndGlobal
