
Microsoft Visual Studio Solution File, Format Version 12.00
# Visual Studio Version 16
VisualStudioVersion = 16.0.30907.101
MinimumVisualStudioVersion = 10.0.40219.1
Project("{FAE04EC0-301F-11D3-BF4B-00C04F79EFBC}") = "Max_Min_Array_Item", "Max_Min_Array_Item\Max_Min_Array_Item.csproj", "{CEECE05F-6917-489F-9432-25DFD3D69889}"
EndProject
Global
	GlobalSection(SolutionConfigurationPlatforms) = preSolution
		Debug|Any CPU = Debug|Any CPU
		Release|Any CPU = Release|Any CPU
	EndGlobalSection
	GlobalSection(ProjectConfigurationPlatforms) = postSolution
		{CEECE05F-6917-489F-9432-25DFD3D69889}.Debug|Any CPU.ActiveCfg = Debug|Any CPU
		{CEECE05F-6917-489F-9432-25DFD3D69889}.Debug|Any CPU.Build.0 = Debug|Any CPU
		{CEECE05F-6917-489F-9432-25DFD3D69889}.Release|Any CPU.ActiveCfg = Release|Any CPU
		{CEECE05F-6917-489F-9432-25DFD3D69889}.Release|Any CPU.Build.0 = Release|Any CPU
	EndGlobalSection
	GlobalSection(SolutionProperties) = preSolution
		HideSolutionNode = FALSE
	EndGlobalSection
	GlobalSection(ExtensibilityGlobals) = postSolution
		SolutionGuid = {9F062FE3-FC08-4B20-BD9D-9C86B2A72C92}
	EndGlobalSection
EndGlobal
