
Microsoft Visual Studio Solution File, Format Version 12.00
# Visual Studio Version 16
VisualStudioVersion = 16.0.30907.101
MinimumVisualStudioVersion = 10.0.40219.1
Project("{FAE04EC0-301F-11D3-BF4B-00C04F79EFBC}") = "Company", "Company\Company.csproj", "{50A25DAD-6FDA-4F7B-812D-B45CDBE3E904}"
EndProject
Global
	GlobalSection(SolutionConfigurationPlatforms) = preSolution
		Debug|Any CPU = Debug|Any CPU
		Release|Any CPU = Release|Any CPU
	EndGlobalSection
	GlobalSection(ProjectConfigurationPlatforms) = postSolution
		{50A25DAD-6FDA-4F7B-812D-B45CDBE3E904}.Debug|Any CPU.ActiveCfg = Debug|Any CPU
		{50A25DAD-6FDA-4F7B-812D-B45CDBE3E904}.Debug|Any CPU.Build.0 = Debug|Any CPU
		{50A25DAD-6FDA-4F7B-812D-B45CDBE3E904}.Release|Any CPU.ActiveCfg = Release|Any CPU
		{50A25DAD-6FDA-4F7B-812D-B45CDBE3E904}.Release|Any CPU.Build.0 = Release|Any CPU
	EndGlobalSection
	GlobalSection(SolutionProperties) = preSolution
		HideSolutionNode = FALSE
	EndGlobalSection
	GlobalSection(ExtensibilityGlobals) = postSolution
		SolutionGuid = {BED8F85E-197C-452E-BBBB-FF0B2E2107D2}
	EndGlobalSection
EndGlobal
