
Microsoft Visual Studio Solution File, Format Version 12.00
# Visual Studio Version 16
VisualStudioVersion = 16.0.30907.101
MinimumVisualStudioVersion = 10.0.40219.1
Project("{FAE04EC0-301F-11D3-BF4B-00C04F79EFBC}") = "FizzBuzz", "FizzBuzz\FizzBuzz.csproj", "{D7DFA27C-09EA-4380-86A5-949BDB5F3277}"
EndProject
Global
	GlobalSection(SolutionConfigurationPlatforms) = preSolution
		Debug|Any CPU = Debug|Any CPU
		Release|Any CPU = Release|Any CPU
	EndGlobalSection
	GlobalSection(ProjectConfigurationPlatforms) = postSolution
		{D7DFA27C-09EA-4380-86A5-949BDB5F3277}.Debug|Any CPU.ActiveCfg = Debug|Any CPU
		{D7DFA27C-09EA-4380-86A5-949BDB5F3277}.Debug|Any CPU.Build.0 = Debug|Any CPU
		{D7DFA27C-09EA-4380-86A5-949BDB5F3277}.Release|Any CPU.ActiveCfg = Release|Any CPU
		{D7DFA27C-09EA-4380-86A5-949BDB5F3277}.Release|Any CPU.Build.0 = Release|Any CPU
	EndGlobalSection
	GlobalSection(SolutionProperties) = preSolution
		HideSolutionNode = FALSE
	EndGlobalSection
	GlobalSection(ExtensibilityGlobals) = postSolution
		SolutionGuid = {9B8ABA92-B579-4415-8C63-1DE50842D199}
	EndGlobalSection
EndGlobal
