
Microsoft Visual Studio Solution File, Format Version 12.00
# Visual Studio Version 16
VisualStudioVersion = 16.0.30907.101
MinimumVisualStudioVersion = 10.0.40219.1
Project("{FAE04EC0-301F-11D3-BF4B-00C04F79EFBC}") = "School", "School\School.csproj", "{6151EB26-F2F9-44FE-8D6C-73767A6251E6}"
EndProject
Global
	GlobalSection(SolutionConfigurationPlatforms) = preSolution
		Debug|Any CPU = Debug|Any CPU
		Release|Any CPU = Release|Any CPU
	EndGlobalSection
	GlobalSection(ProjectConfigurationPlatforms) = postSolution
		{6151EB26-F2F9-44FE-8D6C-73767A6251E6}.Debug|Any CPU.ActiveCfg = Debug|Any CPU
		{6151EB26-F2F9-44FE-8D6C-73767A6251E6}.Debug|Any CPU.Build.0 = Debug|Any CPU
		{6151EB26-F2F9-44FE-8D6C-73767A6251E6}.Release|Any CPU.ActiveCfg = Release|Any CPU
		{6151EB26-F2F9-44FE-8D6C-73767A6251E6}.Release|Any CPU.Build.0 = Release|Any CPU
	EndGlobalSection
	GlobalSection(SolutionProperties) = preSolution
		HideSolutionNode = FALSE
	EndGlobalSection
	GlobalSection(ExtensibilityGlobals) = postSolution
		SolutionGuid = {3E6AD61E-221B-4583-823D-1A2365EBD91E}
	EndGlobalSection
EndGlobal
